
Microsoft Visual Studio Solution File, Format Version 12.00
# Visual Studio Version 17
VisualStudioVersion = 17.14.36623.8 d17.14
MinimumVisualStudioVersion = 10.0.40219.1
Project("{FAE04EC0-301F-11D3-BF4B-00C04F79EFBC}") = "BoxBreathing", "BoxBreathing.csproj", "{9A536316-B4D3-42BD-A809-7D8EA55F973D}"
EndProject
Global
	GlobalSection(SolutionConfigurationPlatforms) = preSolution
		Debug|Any CPU = Debug|Any CPU
		Release|Any CPU = Release|Any CPU
	EndGlobalSection
	GlobalSection(ProjectConfigurationPlatforms) = postSolution
		{9A536316-B4D3-42BD-A809-7D8EA55F973D}.Debug|Any CPU.ActiveCfg = Debug|Any CPU
		{9A536316-B4D3-42BD-A809-7D8EA55F973D}.Debug|Any CPU.Build.0 = Debug|Any CPU
		{9A536316-B4D3-42BD-A809-7D8EA55F973D}.Release|Any CPU.ActiveCfg = Release|Any CPU
		{9A536316-B4D3-42BD-A809-7D8EA55F973D}.Release|Any CPU.Build.0 = Release|Any CPU
	EndGlobalSection
	GlobalSection(SolutionProperties) = preSolution
		HideSolutionNode = FALSE
	EndGlobalSection
	GlobalSection(ExtensibilityGlobals) = postSolution
		SolutionGuid = {AA506815-104D-4911-9BD4-4B886EB57C26}
	EndGlobalSection
EndGlobal
